
Microsoft Visual Studio Solution File, Format Version 12.00
# Visual Studio Version 17
VisualStudioVersion = 17.14.36930.0
MinimumVisualStudioVersion = 10.0.40219.1
Project("{FAE04EC0-301F-11D3-BF4B-00C04F79EFBC}") = "ShipayChallange.Api", "ShipayChallange.Api.csproj", "{A79DDA9D-DC95-4787-83F5-3FF8DC79F235}"
EndProject
Project("{FAE04EC0-301F-11D3-BF4B-00C04F79EFBC}") = "ShipayChallange.Application", "ShipayChallange.Application\ShipayChallange.Application.csproj", "{8E7BF5D4-417C-09FC-B0BE-02A849A67078}"
EndProject
Project("{FAE04EC0-301F-11D3-BF4B-00C04F79EFBC}") = "ShipayChallange.Domain", "ShipayChallange.Domain\ShipayChallange.Domain.csproj", "{C78EF6C9-17EA-CB8B-3592-B067F8E91685}"
EndProject
Project("{FAE04EC0-301F-11D3-BF4B-00C04F79EFBC}") = "ShipayChallange.Infrastructure", "ShipayChallange.Infrastructure\ShipayChallange.Infrastructure.csproj", "{CD65F7F2-6EC8-22F9-9BAE-8F1BF58D314F}"
EndProject
Global
	GlobalSection(SolutionConfigurationPlatforms) = preSolution
		Debug|Any CPU = Debug|Any CPU
		Release|Any CPU = Release|Any CPU
	EndGlobalSection
	GlobalSection(ProjectConfigurationPlatforms) = postSolution
		{A79DDA9D-DC95-4787-83F5-3FF8DC79F235}.Debug|Any CPU.ActiveCfg = Debug|Any CPU
		{A79DDA9D-DC95-4787-83F5-3FF8DC79F235}.Debug|Any CPU.Build.0 = Debug|Any CPU
		{A79DDA9D-DC95-4787-83F5-3FF8DC79F235}.Release|Any CPU.ActiveCfg = Release|Any CPU
		{A79DDA9D-DC95-4787-83F5-3FF8DC79F235}.Release|Any CPU.Build.0 = Release|Any CPU
		{8E7BF5D4-417C-09FC-B0BE-02A849A67078}.Debug|Any CPU.ActiveCfg = Debug|Any CPU
		{8E7BF5D4-417C-09FC-B0BE-02A849A67078}.Debug|Any CPU.Build.0 = Debug|Any CPU
		{8E7BF5D4-417C-09FC-B0BE-02A849A67078}.Release|Any CPU.ActiveCfg = Release|Any CPU
		{8E7BF5D4-417C-09FC-B0BE-02A849A67078}.Release|Any CPU.Build.0 = Release|Any CPU
		{C78EF6C9-17EA-CB8B-3592-B067F8E91685}.Debug|Any CPU.ActiveCfg = Debug|Any CPU
		{C78EF6C9-17EA-CB8B-3592-B067F8E91685}.Debug|Any CPU.Build.0 = Debug|Any CPU
		{C78EF6C9-17EA-CB8B-3592-B067F8E91685}.Release|Any CPU.ActiveCfg = Release|Any CPU
		{C78EF6C9-17EA-CB8B-3592-B067F8E91685}.Release|Any CPU.Build.0 = Release|Any CPU
		{CD65F7F2-6EC8-22F9-9BAE-8F1BF58D314F}.Debug|Any CPU.ActiveCfg = Debug|Any CPU
		{CD65F7F2-6EC8-22F9-9BAE-8F1BF58D314F}.Debug|Any CPU.Build.0 = Debug|Any CPU
		{CD65F7F2-6EC8-22F9-9BAE-8F1BF58D314F}.Release|Any CPU.ActiveCfg = Release|Any CPU
		{CD65F7F2-6EC8-22F9-9BAE-8F1BF58D314F}.Release|Any CPU.Build.0 = Release|Any CPU
	EndGlobalSection
	GlobalSection(SolutionProperties) = preSolution
		HideSolutionNode = FALSE
	EndGlobalSection
	GlobalSection(ExtensibilityGlobals) = postSolution
		SolutionGuid = {255A73C0-01F3-49F3-B08A-8757C2B05613}
	EndGlobalSection
EndGlobal
